
Microsoft Visual Studio Solution File, Format Version 12.00
# Visual Studio Version 16
VisualStudioVersion = 16.0.29519.181
MinimumVisualStudioVersion = 10.0.40219.1
Project("{FAE04EC0-301F-11D3-BF4B-00C04F79EFBC}") = "TwoDimensionalArray", "TwoDimensionalArray\TwoDimensionalArray.csproj", "{AAFBFA2B-D246-419B-9C81-2A5B4DFB8DC7}"
EndProject
Global
	GlobalSection(SolutionConfigurationPlatforms) = preSolution
		Debug|Any CPU = Debug|Any CPU
		Release|Any CPU = Release|Any CPU
	EndGlobalSection
	GlobalSection(ProjectConfigurationPlatforms) = postSolution
		{AAFBFA2B-D246-419B-9C81-2A5B4DFB8DC7}.Debug|Any CPU.ActiveCfg = Debug|Any CPU
		{AAFBFA2B-D246-419B-9C81-2A5B4DFB8DC7}.Debug|Any CPU.Build.0 = Debug|Any CPU
		{AAFBFA2B-D246-419B-9C81-2A5B4DFB8DC7}.Release|Any CPU.ActiveCfg = Release|Any CPU
		{AAFBFA2B-D246-419B-9C81-2A5B4DFB8DC7}.Release|Any CPU.Build.0 = Release|Any CPU
	EndGlobalSection
	GlobalSection(SolutionProperties) = preSolution
		HideSolutionNode = FALSE
	EndGlobalSection
	GlobalSection(ExtensibilityGlobals) = postSolution
		SolutionGuid = {41CE7EB8-FA9D-45CA-815C-1481BA24DBCD}
	EndGlobalSection
EndGlobal
