
Microsoft Visual Studio Solution File, Format Version 12.00
# Visual Studio Version 16
VisualStudioVersion = 16.0.29519.181
MinimumVisualStudioVersion = 10.0.40219.1
Project("{FAE04EC0-301F-11D3-BF4B-00C04F79EFBC}") = "StackClass", "StackClass\StackClass.csproj", "{996EE14C-674E-4C92-86BF-4398D4DBCEDD}"
EndProject
Global
	GlobalSection(SolutionConfigurationPlatforms) = preSolution
		Debug|Any CPU = Debug|Any CPU
		Release|Any CPU = Release|Any CPU
	EndGlobalSection
	GlobalSection(ProjectConfigurationPlatforms) = postSolution
		{996EE14C-674E-4C92-86BF-4398D4DBCEDD}.Debug|Any CPU.ActiveCfg = Debug|Any CPU
		{996EE14C-674E-4C92-86BF-4398D4DBCEDD}.Debug|Any CPU.Build.0 = Debug|Any CPU
		{996EE14C-674E-4C92-86BF-4398D4DBCEDD}.Release|Any CPU.ActiveCfg = Release|Any CPU
		{996EE14C-674E-4C92-86BF-4398D4DBCEDD}.Release|Any CPU.Build.0 = Release|Any CPU
	EndGlobalSection
	GlobalSection(SolutionProperties) = preSolution
		HideSolutionNode = FALSE
	EndGlobalSection
	GlobalSection(ExtensibilityGlobals) = postSolution
		SolutionGuid = {7C46B0A3-4030-45F6-B608-FCDD847077D3}
	EndGlobalSection
EndGlobal
