
Microsoft Visual Studio Solution File, Format Version 12.00
# Visual Studio Version 16
VisualStudioVersion = 16.0.29519.181
MinimumVisualStudioVersion = 10.0.40219.1
Project("{FAE04EC0-301F-11D3-BF4B-00C04F79EFBC}") = "QueueClass", "QueueClass\QueueClass.csproj", "{FFDA7A58-6CB2-4DD3-8CD7-AC50A931D602}"
EndProject
Global
	GlobalSection(SolutionConfigurationPlatforms) = preSolution
		Debug|Any CPU = Debug|Any CPU
		Release|Any CPU = Release|Any CPU
	EndGlobalSection
	GlobalSection(ProjectConfigurationPlatforms) = postSolution
		{FFDA7A58-6CB2-4DD3-8CD7-AC50A931D602}.Debug|Any CPU.ActiveCfg = Debug|Any CPU
		{FFDA7A58-6CB2-4DD3-8CD7-AC50A931D602}.Debug|Any CPU.Build.0 = Debug|Any CPU
		{FFDA7A58-6CB2-4DD3-8CD7-AC50A931D602}.Release|Any CPU.ActiveCfg = Release|Any CPU
		{FFDA7A58-6CB2-4DD3-8CD7-AC50A931D602}.Release|Any CPU.Build.0 = Release|Any CPU
	EndGlobalSection
	GlobalSection(SolutionProperties) = preSolution
		HideSolutionNode = FALSE
	EndGlobalSection
	GlobalSection(ExtensibilityGlobals) = postSolution
		SolutionGuid = {2D51EFCC-B3DC-4E71-943B-7E19664EC680}
	EndGlobalSection
EndGlobal
