
Microsoft Visual Studio Solution File, Format Version 12.00
# Visual Studio Version 16
VisualStudioVersion = 16.0.29613.14
MinimumVisualStudioVersion = 10.0.40219.1
Project("{FAE04EC0-301F-11D3-BF4B-00C04F79EFBC}") = "HashTable", "HashTable\HashTable.csproj", "{4EEBB9B2-8B20-4065-AB29-E6972782DF2D}"
EndProject
Global
	GlobalSection(SolutionConfigurationPlatforms) = preSolution
		Debug|Any CPU = Debug|Any CPU
		Release|Any CPU = Release|Any CPU
	EndGlobalSection
	GlobalSection(ProjectConfigurationPlatforms) = postSolution
		{4EEBB9B2-8B20-4065-AB29-E6972782DF2D}.Debug|Any CPU.ActiveCfg = Debug|Any CPU
		{4EEBB9B2-8B20-4065-AB29-E6972782DF2D}.Debug|Any CPU.Build.0 = Debug|Any CPU
		{4EEBB9B2-8B20-4065-AB29-E6972782DF2D}.Release|Any CPU.ActiveCfg = Release|Any CPU
		{4EEBB9B2-8B20-4065-AB29-E6972782DF2D}.Release|Any CPU.Build.0 = Release|Any CPU
	EndGlobalSection
	GlobalSection(SolutionProperties) = preSolution
		HideSolutionNode = FALSE
	EndGlobalSection
	GlobalSection(ExtensibilityGlobals) = postSolution
		SolutionGuid = {903B782D-873F-42EE-93F9-759EBF03ACAB}
	EndGlobalSection
EndGlobal
